
Microsoft Visual Studio Solution File, Format Version 12.00
# Visual Studio Version 17
VisualStudioVersion = 17.3.32929.385
MinimumVisualStudioVersion = 10.0.40219.1
Project("{FAE04EC0-301F-11D3-BF4B-00C04F79EFBC}") = "Zadanie1_Forms_PM01_N1", "Zadanie1_Forms_PM01_N1\Zadanie1_Forms_PM01_N1.csproj", "{979411CA-CB8B-4E71-9CA3-2D0EBF5BB851}"
EndProject
Global
	GlobalSection(SolutionConfigurationPlatforms) = preSolution
		Debug|Any CPU = Debug|Any CPU
		Release|Any CPU = Release|Any CPU
	EndGlobalSection
	GlobalSection(ProjectConfigurationPlatforms) = postSolution
		{979411CA-CB8B-4E71-9CA3-2D0EBF5BB851}.Debug|Any CPU.ActiveCfg = Debug|Any CPU
		{979411CA-CB8B-4E71-9CA3-2D0EBF5BB851}.Debug|Any CPU.Build.0 = Debug|Any CPU
		{979411CA-CB8B-4E71-9CA3-2D0EBF5BB851}.Release|Any CPU.ActiveCfg = Release|Any CPU
		{979411CA-CB8B-4E71-9CA3-2D0EBF5BB851}.Release|Any CPU.Build.0 = Release|Any CPU
	EndGlobalSection
	GlobalSection(SolutionProperties) = preSolution
		HideSolutionNode = FALSE
	EndGlobalSection
	GlobalSection(ExtensibilityGlobals) = postSolution
		SolutionGuid = {4B6AA195-C13F-4415-9B8B-936085B6E9BA}
	EndGlobalSection
EndGlobal
